
Microsoft Visual Studio Solution File, Format Version 12.00
# Visual Studio Version 17
VisualStudioVersion = 17.8.34525.116
MinimumVisualStudioVersion = 10.0.40219.1
Project("{8BC9CEB8-8B4A-11D0-8D11-00A0C91BC942}") = "CppBox", "CppBox.vcxproj", "{04CFBBC1-FF47-4ECB-A3BE-C9EE5480C8A7}"
EndProject
Global
	GlobalSection(SolutionConfigurationPlatforms) = preSolution
		Debug|x64 = Debug|x64
		Debug|x86 = Debug|x86
		Release|x64 = Release|x64
		Release|x86 = Release|x86
	EndGlobalSection
	GlobalSection(ProjectConfigurationPlatforms) = postSolution
		{04CFBBC1-FF47-4ECB-A3BE-C9EE5480C8A7}.Debug|x64.ActiveCfg = Debug|x64
		{04CFBBC1-FF47-4ECB-A3BE-C9EE5480C8A7}.Debug|x64.Build.0 = Debug|x64
		{04CFBBC1-FF47-4ECB-A3BE-C9EE5480C8A7}.Debug|x86.ActiveCfg = Debug|Win32
		{04CFBBC1-FF47-4ECB-A3BE-C9EE5480C8A7}.Debug|x86.Build.0 = Debug|Win32
		{04CFBBC1-FF47-4ECB-A3BE-C9EE5480C8A7}.Release|x64.ActiveCfg = Release|x64
		{04CFBBC1-FF47-4ECB-A3BE-C9EE5480C8A7}.Release|x64.Build.0 = Release|x64
		{04CFBBC1-FF47-4ECB-A3BE-C9EE5480C8A7}.Release|x86.ActiveCfg = Release|Win32
		{04CFBBC1-FF47-4ECB-A3BE-C9EE5480C8A7}.Release|x86.Build.0 = Release|Win32
	EndGlobalSection
	GlobalSection(SolutionProperties) = preSolution
		HideSolutionNode = FALSE
	EndGlobalSection
	GlobalSection(ExtensibilityGlobals) = postSolution
		SolutionGuid = {2590D900-3E31-4251-A046-A519DA52C213}
	EndGlobalSection
EndGlobal
